PODS:
  - Alamofire (5.1.0)
  - IQKeyboardManagerSwift (6.5.5)
  - KeychainAccess (4.2.0)
  - Kingfisher (5.13.4):
    - Kingfisher/Core (= 5.13.4)
  - Kingfisher/Core (5.13.4)
  - MBProgressHUD (1.2.0)
  - Moya/Core (14.0.0):
    - Alamofire (~> 5.0)
  - Moya/RxSwift (14.0.0):
    - Moya/Core
    - RxSwift (~> 5.0)
  - ObjectMapper (3.5.2)
  - RxCocoa (5.1.1):
    - RxRelay (~> 5)
    - RxSwift (~> 5)
  - RxRelay (5.1.1):
    - RxSwift (~> 5)
  - RxSwift (5.1.1)
  - SnapKit (5.0.1)
  - SwiftyBeaver (1.9.1)

DEPENDENCIES:
  - IQKeyboardManagerSwift
  - KeychainAccess
  - Kingfisher
  - MBProgressHUD
  - Moya/RxSwift
  - ObjectMapper
  - RxCocoa
  - SnapKit
  - SwiftyBeaver

SPEC REPOS:
  trunk:
    - Alamofire
    - IQKeyboardManagerSwift
    - KeychainAccess
    - Kingfisher
    - MBProgressHUD
    - Moya
    - ObjectMapper
    - RxCocoa
    - RxRelay
    - RxSwift
    - SnapKit
    - SwiftyBeaver

SPEC CHECKSUMS:
  Alamofire: 9d5c5f602928e512395b30950c5984eca840093c
  IQKeyboardManagerSwift: 0fb93310284665245591f50f7a5e38de615960b7
  KeychainAccess: 3f760109aa99b05d0f231e28b22642da7153e38a
  Kingfisher: d2279a7abece3c7f25a80cd2b7f363ca5cf3f44c
  MBProgressHUD: 3ee5efcc380f6a79a7cc9b363dd669c5e1ae7406
  Moya: 5b45dacb75adb009f97fde91c204c1e565d31916
  ObjectMapper: b53ae947d370bf89423e86be7d4e2d2b2a8d3f40
  RxCocoa: 32065309a38d29b5b0db858819b5bf9ef038b601
  RxRelay: d77f7d771495f43c556cbc43eebd1bb54d01e8e9
  RxSwift: 81470a2074fa8780320ea5fe4102807cb7118178
  SnapKit: 97b92857e3df3a0c71833cce143274bf6ef8e5eb
  SwiftyBeaver: a1f5691458561414bcfab51874b2b7445451602b

PODFILE CHECKSUM: 70674ef57723987a321a0a3e8ca908257f8abd68

COCOAPODS: 1.15.2
